
Microsoft Visual Studio Solution File, Format Version 12.00
# Visual Studio 15
VisualStudioVersion = 15.0.28010.2050
MinimumVisualStudioVersion = 10.0.40219.1
Project("{FAE04EC0-301F-11D3-BF4B-00C04F79EFBC}") = "HenryTasks", "HenryTasks\HenryTasks.csproj", "{87E21E12-56B3-4840-9209-F9C9132742A7}"
EndProject
Project("{FAE04EC0-301F-11D3-BF4B-00C04F79EFBC}") = "Bot", "Bot\Bot.csproj", "{BAE935EE-6D60-43B1-89D4-D373EA7F3B43}"
EndProject
Project("{FAE04EC0-301F-11D3-BF4B-00C04F79EFBC}") = "HenryAutoDrive", "HenryAutoDrive\HenryAutoDrive.csproj", "{AB7406BC-C566-4BF0-930A-161EFB661B40}"
EndProject
Global
	GlobalSection(SolutionConfigurationPlatforms) = preSolution
		Debug|Any CPU = Debug|Any CPU
		Release|Any CPU = Release|Any CPU
	EndGlobalSection
	GlobalSection(ProjectConfigurationPlatforms) = postSolution
		{87E21E12-56B3-4840-9209-F9C9132742A7}.Debug|Any CPU.ActiveCfg = Debug|Any CPU
		{87E21E12-56B3-4840-9209-F9C9132742A7}.Debug|Any CPU.Build.0 = Debug|Any CPU
		{87E21E12-56B3-4840-9209-F9C9132742A7}.Release|Any CPU.ActiveCfg = Release|Any CPU
		{87E21E12-56B3-4840-9209-F9C9132742A7}.Release|Any CPU.Build.0 = Release|Any CPU
		{BAE935EE-6D60-43B1-89D4-D373EA7F3B43}.Debug|Any CPU.ActiveCfg = Debug|Any CPU
		{BAE935EE-6D60-43B1-89D4-D373EA7F3B43}.Debug|Any CPU.Build.0 = Debug|Any CPU
		{BAE935EE-6D60-43B1-89D4-D373EA7F3B43}.Release|Any CPU.ActiveCfg = Release|Any CPU
		{BAE935EE-6D60-43B1-89D4-D373EA7F3B43}.Release|Any CPU.Build.0 = Release|Any CPU
		{AB7406BC-C566-4BF0-930A-161EFB661B40}.Debug|Any CPU.ActiveCfg = Debug|Any CPU
		{AB7406BC-C566-4BF0-930A-161EFB661B40}.Debug|Any CPU.Build.0 = Debug|Any CPU
		{AB7406BC-C566-4BF0-930A-161EFB661B40}.Release|Any CPU.ActiveCfg = Release|Any CPU
		{AB7406BC-C566-4BF0-930A-161EFB661B40}.Release|Any CPU.Build.0 = Release|Any CPU
	EndGlobalSection
	GlobalSection(SolutionProperties) = preSolution
		HideSolutionNode = FALSE
	EndGlobalSection
	GlobalSection(ExtensibilityGlobals) = postSolution
		SolutionGuid = {A30D2371-7EA9-404A-B288-41AE54E17D47}
	EndGlobalSection
EndGlobal
